
Microsoft Visual Studio Solution File, Format Version 12.00
# Visual Studio Version 16
VisualStudioVersion = 16.0.31624.102
MinimumVisualStudioVersion = 10.0.40219.1
Project("{FAE04EC0-301F-11D3-BF4B-00C04F79EFBC}") = "GameOfLife", "GameOfLife\GameOfLife.csproj", "{DB76038D-0229-4643-BC5E-F0AFDB802A1B}"
EndProject
Global
	GlobalSection(SolutionConfigurationPlatforms) = preSolution
		Debug|Any CPU = Debug|Any CPU
		Release|Any CPU = Release|Any CPU
	EndGlobalSection
	GlobalSection(ProjectConfigurationPlatforms) = postSolution
		{DB76038D-0229-4643-BC5E-F0AFDB802A1B}.Debug|Any CPU.ActiveCfg = Debug|Any CPU
		{DB76038D-0229-4643-BC5E-F0AFDB802A1B}.Debug|Any CPU.Build.0 = Debug|Any CPU
		{DB76038D-0229-4643-BC5E-F0AFDB802A1B}.Release|Any CPU.ActiveCfg = Release|Any CPU
		{DB76038D-0229-4643-BC5E-F0AFDB802A1B}.Release|Any CPU.Build.0 = Release|Any CPU
	EndGlobalSection
	GlobalSection(SolutionProperties) = preSolution
		HideSolutionNode = FALSE
	EndGlobalSection
	GlobalSection(ExtensibilityGlobals) = postSolution
		SolutionGuid = {2F6F4B90-8901-4F03-B23D-4052CB85ED4D}
	EndGlobalSection
EndGlobal
