
Microsoft Visual Studio Solution File, Format Version 12.00
# Visual Studio Version 16
VisualStudioVersion = 16.0.30611.23
MinimumVisualStudioVersion = 10.0.40219.1
Project("{FAE04EC0-301F-11D3-BF4B-00C04F79EFBC}") = "Jeu_de_la_vie", "Jeu_de_la_vie\Jeu_de_la_vie.csproj", "{827DA02B-2CD1-44AD-8B2F-B2D9C8F61A56}"
EndProject
Global
	GlobalSection(SolutionConfigurationPlatforms) = preSolution
		Debug|Any CPU = Debug|Any CPU
		Release|Any CPU = Release|Any CPU
	EndGlobalSection
	GlobalSection(ProjectConfigurationPlatforms) = postSolution
		{827DA02B-2CD1-44AD-8B2F-B2D9C8F61A56}.Debug|Any CPU.ActiveCfg = Debug|Any CPU
		{827DA02B-2CD1-44AD-8B2F-B2D9C8F61A56}.Debug|Any CPU.Build.0 = Debug|Any CPU
		{827DA02B-2CD1-44AD-8B2F-B2D9C8F61A56}.Release|Any CPU.ActiveCfg = Release|Any CPU
		{827DA02B-2CD1-44AD-8B2F-B2D9C8F61A56}.Release|Any CPU.Build.0 = Release|Any CPU
	EndGlobalSection
	GlobalSection(SolutionProperties) = preSolution
		HideSolutionNode = FALSE
	EndGlobalSection
	GlobalSection(ExtensibilityGlobals) = postSolution
		SolutionGuid = {20CBB2ED-01E6-4954-BAD2-BA960FDB88CE}
	EndGlobalSection
EndGlobal
